
Microsoft Visual Studio Solution File, Format Version 12.00
# Visual Studio Version 16
VisualStudioVersion = 16.0.32106.194
MinimumVisualStudioVersion = 10.0.40219.1
Project("{FAE04EC0-301F-11D3-BF4B-00C04F79EFBC}") = "Engin Hoca", "Engin Hoca\Engin Hoca.csproj", "{EF9333F0-170C-4B2F-8F03-1FA5566D7144}"
EndProject
Project("{FAE04EC0-301F-11D3-BF4B-00C04F79EFBC}") = "DegerVeReferanlar", "DegerVeReferanlar\DegerVeReferanlar.csproj", "{293ADAA6-113F-4E65-9324-7FA8DE0D4EF9}"
EndProject
Project("{FAE04EC0-301F-11D3-BF4B-00C04F79EFBC}") = "MatematikIslem", "MatematikIslem\MatematikIslem.csproj", "{88225AD3-BE9F-4786-B2C8-2B833F188567}"
EndProject
Global
	GlobalSection(SolutionConfigurationPlatforms) = preSolution
		Debug|Any CPU = Debug|Any CPU
		Release|Any CPU = Release|Any CPU
	EndGlobalSection
	GlobalSection(ProjectConfigurationPlatforms) = postSolution
		{EF9333F0-170C-4B2F-8F03-1FA5566D7144}.Debug|Any CPU.ActiveCfg = Debug|Any CPU
		{EF9333F0-170C-4B2F-8F03-1FA5566D7144}.Debug|Any CPU.Build.0 = Debug|Any CPU
		{EF9333F0-170C-4B2F-8F03-1FA5566D7144}.Release|Any CPU.ActiveCfg = Release|Any CPU
		{EF9333F0-170C-4B2F-8F03-1FA5566D7144}.Release|Any CPU.Build.0 = Release|Any CPU
		{293ADAA6-113F-4E65-9324-7FA8DE0D4EF9}.Debug|Any CPU.ActiveCfg = Debug|Any CPU
		{293ADAA6-113F-4E65-9324-7FA8DE0D4EF9}.Debug|Any CPU.Build.0 = Debug|Any CPU
		{293ADAA6-113F-4E65-9324-7FA8DE0D4EF9}.Release|Any CPU.ActiveCfg = Release|Any CPU
		{293ADAA6-113F-4E65-9324-7FA8DE0D4EF9}.Release|Any CPU.Build.0 = Release|Any CPU
		{88225AD3-BE9F-4786-B2C8-2B833F188567}.Debug|Any CPU.ActiveCfg = Debug|Any CPU
		{88225AD3-BE9F-4786-B2C8-2B833F188567}.Debug|Any CPU.Build.0 = Debug|Any CPU
		{88225AD3-BE9F-4786-B2C8-2B833F188567}.Release|Any CPU.ActiveCfg = Release|Any CPU
		{88225AD3-BE9F-4786-B2C8-2B833F188567}.Release|Any CPU.Build.0 = Release|Any CPU
	EndGlobalSection
	GlobalSection(SolutionProperties) = preSolution
		HideSolutionNode = FALSE
	EndGlobalSection
	GlobalSection(ExtensibilityGlobals) = postSolution
		SolutionGuid = {129F9092-75BF-4F04-AF5D-7B58658E70FA}
	EndGlobalSection
EndGlobal
