
Microsoft Visual Studio Solution File, Format Version 12.00
# Visual Studio Version 16
VisualStudioVersion = 16.0.32106.194
MinimumVisualStudioVersion = 10.0.40219.1
Project("{FAE04EC0-301F-11D3-BF4B-00C04F79EFBC}") = "Engin Hoca", "Engin Hoca\Engin Hoca.csproj", "{EF9333F0-170C-4B2F-8F03-1FA5566D7144}"
EndProject
Project("{FAE04EC0-301F-11D3-BF4B-00C04F79EFBC}") = "DegerVeReferanlar", "DegerVeReferanlar\DegerVeReferanlar.csproj", "{293ADAA6-113F-4E65-9324-7FA8DE0D4EF9}"
EndProject
Project("{FAE04EC0-301F-11D3-BF4B-00C04F79EFBC}") = "MatematikIslem", "MatematikIslem\MatematikIslem.csproj", "{88225AD3-BE9F-4786-B2C8-2B833F188567}"
EndProject
Project("{FAE04EC0-301F-11D3-BF4B-00C04F79EFBC}") = "OOP1", "OOP1\OOP1.csproj", "{BF583547-4991-46F7-8F5B-AD2B832DA9ED}"
EndProject
Project("{FAE04EC0-301F-11D3-BF4B-00C04F79EFBC}") = "Koleksiyonlar", "Koleksiyonlar\Koleksiyonlar.csproj", "{03A46EB8-D181-4006-B412-F5FA59600F61}"
EndProject
Project("{FAE04EC0-301F-11D3-BF4B-00C04F79EFBC}") = "GenericsIntro", "GenericsIntro\GenericsIntro.csproj", "{6274D3F5-0898-40B0-B81B-8372CFDF1206}"
EndProject
Global
	GlobalSection(SolutionConfigurationPlatforms) = preSolution
		Debug|Any CPU = Debug|Any CPU
		Release|Any CPU = Release|Any CPU
	EndGlobalSection
	GlobalSection(ProjectConfigurationPlatforms) = postSolution
		{EF9333F0-170C-4B2F-8F03-1FA5566D7144}.Debug|Any CPU.ActiveCfg = Debug|Any CPU
		{EF9333F0-170C-4B2F-8F03-1FA5566D7144}.Debug|Any CPU.Build.0 = Debug|Any CPU
		{EF9333F0-170C-4B2F-8F03-1FA5566D7144}.Release|Any CPU.ActiveCfg = Release|Any CPU
		{EF9333F0-170C-4B2F-8F03-1FA5566D7144}.Release|Any CPU.Build.0 = Release|Any CPU
		{293ADAA6-113F-4E65-9324-7FA8DE0D4EF9}.Debug|Any CPU.ActiveCfg = Debug|Any CPU
		{293ADAA6-113F-4E65-9324-7FA8DE0D4EF9}.Debug|Any CPU.Build.0 = Debug|Any CPU
		{293ADAA6-113F-4E65-9324-7FA8DE0D4EF9}.Release|Any CPU.ActiveCfg = Release|Any CPU
		{293ADAA6-113F-4E65-9324-7FA8DE0D4EF9}.Release|Any CPU.Build.0 = Release|Any CPU
		{88225AD3-BE9F-4786-B2C8-2B833F188567}.Debug|Any CPU.ActiveCfg = Debug|Any CPU
		{88225AD3-BE9F-4786-B2C8-2B833F188567}.Debug|Any CPU.Build.0 = Debug|Any CPU
		{88225AD3-BE9F-4786-B2C8-2B833F188567}.Release|Any CPU.ActiveCfg = Release|Any CPU
		{88225AD3-BE9F-4786-B2C8-2B833F188567}.Release|Any CPU.Build.0 = Release|Any CPU
		{BF583547-4991-46F7-8F5B-AD2B832DA9ED}.Debug|Any CPU.ActiveCfg = Debug|Any CPU
		{BF583547-4991-46F7-8F5B-AD2B832DA9ED}.Debug|Any CPU.Build.0 = Debug|Any CPU
		{BF583547-4991-46F7-8F5B-AD2B832DA9ED}.Release|Any CPU.ActiveCfg = Release|Any CPU
		{BF583547-4991-46F7-8F5B-AD2B832DA9ED}.Release|Any CPU.Build.0 = Release|Any CPU
		{03A46EB8-D181-4006-B412-F5FA59600F61}.Debug|Any CPU.ActiveCfg = Debug|Any CPU
		{03A46EB8-D181-4006-B412-F5FA59600F61}.Debug|Any CPU.Build.0 = Debug|Any CPU
		{03A46EB8-D181-4006-B412-F5FA59600F61}.Release|Any CPU.ActiveCfg = Release|Any CPU
		{03A46EB8-D181-4006-B412-F5FA59600F61}.Release|Any CPU.Build.0 = Release|Any CPU
		{6274D3F5-0898-40B0-B81B-8372CFDF1206}.Debug|Any CPU.ActiveCfg = Debug|Any CPU
		{6274D3F5-0898-40B0-B81B-8372CFDF1206}.Debug|Any CPU.Build.0 = Debug|Any CPU
		{6274D3F5-0898-40B0-B81B-8372CFDF1206}.Release|Any CPU.ActiveCfg = Release|Any CPU
		{6274D3F5-0898-40B0-B81B-8372CFDF1206}.Release|Any CPU.Build.0 = Release|Any CPU
	EndGlobalSection
	GlobalSection(SolutionProperties) = preSolution
		HideSolutionNode = FALSE
	EndGlobalSection
	GlobalSection(ExtensibilityGlobals) = postSolution
		SolutionGuid = {129F9092-75BF-4F04-AF5D-7B58658E70FA}
	EndGlobalSection
EndGlobal
